{
  "requires": true,
  "lockfileVersion": 1,
  "dependencies": {
    "quill-better-table": {
      "version": "1.2.10",
      "resolved": "https://registry.npmjs.org/quill-better-table/-/quill-better-table-1.2.10.tgz",
      "integrity": "sha512-CFwxAQzt4EPCQuynQ65R/FU7Yu//kcDBb/rmBBOsFfO758+q50zvG/PDt4Lenv9DcrSgwnyNkfo4yeA5fzzVYQ=="
    }
  }
}
